
Microsoft Visual Studio Solution File, Format Version 12.00
# Visual Studio Version 17
VisualStudioVersion = 17.8.34330.188
MinimumVisualStudioVersion = 10.0.40219.1
Project("{FAE04EC0-301F-11D3-BF4B-00C04F79EFBC}") = "inlab 1.3", "inlab 1.3\inlab 1.3.csproj", "{4D5CEC60-D10B-4B3D-A7D3-189CEF2CF818}"
EndProject
Global
	GlobalSection(SolutionConfigurationPlatforms) = preSolution
		Debug|Any CPU = Debug|Any CPU
		Release|Any CPU = Release|Any CPU
	EndGlobalSection
	GlobalSection(ProjectConfigurationPlatforms) = postSolution
		{4D5CEC60-D10B-4B3D-A7D3-189CEF2CF818}.Debug|Any CPU.ActiveCfg = Debug|Any CPU
		{4D5CEC60-D10B-4B3D-A7D3-189CEF2CF818}.Debug|Any CPU.Build.0 = Debug|Any CPU
		{4D5CEC60-D10B-4B3D-A7D3-189CEF2CF818}.Release|Any CPU.ActiveCfg = Release|Any CPU
		{4D5CEC60-D10B-4B3D-A7D3-189CEF2CF818}.Release|Any CPU.Build.0 = Release|Any CPU
	EndGlobalSection
	GlobalSection(SolutionProperties) = preSolution
		HideSolutionNode = FALSE
	EndGlobalSection
	GlobalSection(ExtensibilityGlobals) = postSolution
		SolutionGuid = {43C260EA-D97B-48E1-A678-192D7049EB66}
	EndGlobalSection
EndGlobal
