
Microsoft Visual Studio Solution File, Format Version 12.00
# Visual Studio Version 17
VisualStudioVersion = 17.8.34330.188
MinimumVisualStudioVersion = 10.0.40219.1
Project("{FAE04EC0-301F-11D3-BF4B-00C04F79EFBC}") = "lab3.task1", "lab3.task1\lab3.task1.csproj", "{795AA245-4940-4A17-8424-E1D6CE8BED62}"
EndProject
Global
	GlobalSection(SolutionConfigurationPlatforms) = preSolution
		Debug|Any CPU = Debug|Any CPU
		Release|Any CPU = Release|Any CPU
	EndGlobalSection
	GlobalSection(ProjectConfigurationPlatforms) = postSolution
		{795AA245-4940-4A17-8424-E1D6CE8BED62}.Debug|Any CPU.ActiveCfg = Debug|Any CPU
		{795AA245-4940-4A17-8424-E1D6CE8BED62}.Debug|Any CPU.Build.0 = Debug|Any CPU
		{795AA245-4940-4A17-8424-E1D6CE8BED62}.Release|Any CPU.ActiveCfg = Release|Any CPU
		{795AA245-4940-4A17-8424-E1D6CE8BED62}.Release|Any CPU.Build.0 = Release|Any CPU
	EndGlobalSection
	GlobalSection(SolutionProperties) = preSolution
		HideSolutionNode = FALSE
	EndGlobalSection
	GlobalSection(ExtensibilityGlobals) = postSolution
		SolutionGuid = {D6908775-313C-4A5D-92ED-FDE97A0C27E6}
	EndGlobalSection
EndGlobal
