
Microsoft Visual Studio Solution File, Format Version 12.00
# Visual Studio Version 17
VisualStudioVersion = 17.8.34330.188
MinimumVisualStudioVersion = 10.0.40219.1
Project("{FAE04EC0-301F-11D3-BF4B-00C04F79EFBC}") = "lab2_task3.3", "lab2_task3.3\lab2_task3.3.csproj", "{3AE10B7E-0F6C-4016-A482-5251C7834A1A}"
EndProject
Global
	GlobalSection(SolutionConfigurationPlatforms) = preSolution
		Debug|Any CPU = Debug|Any CPU
		Release|Any CPU = Release|Any CPU
	EndGlobalSection
	GlobalSection(ProjectConfigurationPlatforms) = postSolution
		{3AE10B7E-0F6C-4016-A482-5251C7834A1A}.Debug|Any CPU.ActiveCfg = Debug|Any CPU
		{3AE10B7E-0F6C-4016-A482-5251C7834A1A}.Debug|Any CPU.Build.0 = Debug|Any CPU
		{3AE10B7E-0F6C-4016-A482-5251C7834A1A}.Release|Any CPU.ActiveCfg = Release|Any CPU
		{3AE10B7E-0F6C-4016-A482-5251C7834A1A}.Release|Any CPU.Build.0 = Release|Any CPU
	EndGlobalSection
	GlobalSection(SolutionProperties) = preSolution
		HideSolutionNode = FALSE
	EndGlobalSection
	GlobalSection(ExtensibilityGlobals) = postSolution
		SolutionGuid = {D339CF6D-4203-44AF-B454-C865F55FAA28}
	EndGlobalSection
EndGlobal
