
Microsoft Visual Studio Solution File, Format Version 12.00
# Visual Studio Version 17
VisualStudioVersion = 17.8.34330.188
MinimumVisualStudioVersion = 10.0.40219.1
Project("{FAE04EC0-301F-11D3-BF4B-00C04F79EFBC}") = "lab2_task3.2", "lab2_task3.2\lab2_task3.2.csproj", "{5E62D8AB-E828-411E-8390-1C86FD8E0EC1}"
EndProject
Global
	GlobalSection(SolutionConfigurationPlatforms) = preSolution
		Debug|Any CPU = Debug|Any CPU
		Release|Any CPU = Release|Any CPU
	EndGlobalSection
	GlobalSection(ProjectConfigurationPlatforms) = postSolution
		{5E62D8AB-E828-411E-8390-1C86FD8E0EC1}.Debug|Any CPU.ActiveCfg = Debug|Any CPU
		{5E62D8AB-E828-411E-8390-1C86FD8E0EC1}.Debug|Any CPU.Build.0 = Debug|Any CPU
		{5E62D8AB-E828-411E-8390-1C86FD8E0EC1}.Release|Any CPU.ActiveCfg = Release|Any CPU
		{5E62D8AB-E828-411E-8390-1C86FD8E0EC1}.Release|Any CPU.Build.0 = Release|Any CPU
	EndGlobalSection
	GlobalSection(SolutionProperties) = preSolution
		HideSolutionNode = FALSE
	EndGlobalSection
	GlobalSection(ExtensibilityGlobals) = postSolution
		SolutionGuid = {283276D2-A03B-4119-96FB-5A42D83D796D}
	EndGlobalSection
EndGlobal
