
Microsoft Visual Studio Solution File, Format Version 12.00
# Visual Studio Version 17
VisualStudioVersion = 17.8.34330.188
MinimumVisualStudioVersion = 10.0.40219.1
Project("{FAE04EC0-301F-11D3-BF4B-00C04F79EFBC}") = "lab6 inlab", "lab6 inlab\lab6 inlab.csproj", "{1423333B-12BA-4E75-BE33-DE3A941A0F21}"
EndProject
Global
	GlobalSection(SolutionConfigurationPlatforms) = preSolution
		Debug|Any CPU = Debug|Any CPU
		Release|Any CPU = Release|Any CPU
	EndGlobalSection
	GlobalSection(ProjectConfigurationPlatforms) = postSolution
		{1423333B-12BA-4E75-BE33-DE3A941A0F21}.Debug|Any CPU.ActiveCfg = Debug|Any CPU
		{1423333B-12BA-4E75-BE33-DE3A941A0F21}.Debug|Any CPU.Build.0 = Debug|Any CPU
		{1423333B-12BA-4E75-BE33-DE3A941A0F21}.Release|Any CPU.ActiveCfg = Release|Any CPU
		{1423333B-12BA-4E75-BE33-DE3A941A0F21}.Release|Any CPU.Build.0 = Release|Any CPU
	EndGlobalSection
	GlobalSection(SolutionProperties) = preSolution
		HideSolutionNode = FALSE
	EndGlobalSection
	GlobalSection(ExtensibilityGlobals) = postSolution
		SolutionGuid = {D2262318-E6C0-4747-8D08-4C924A5705D6}
	EndGlobalSection
EndGlobal
